
Microsoft Visual Studio Solution File, Format Version 12.00
# Visual Studio Version 17
VisualStudioVersion = 17.14.36414.22 d17.14
MinimumVisualStudioVersion = 10.0.40219.1
Project("{FAE04EC0-301F-11D3-BF4B-00C04F79EFBC}") = "MinecraftServerTool", "MinecraftServerTool\MinecraftServerTool.csproj", "{71A3412B-7020-4200-9E2F-BFB8082B6702}"
EndProject
Global
	GlobalSection(SolutionConfigurationPlatforms) = preSolution
		Debug|Any CPU = Debug|Any CPU
		Release|Any CPU = Release|Any CPU
	EndGlobalSection
	GlobalSection(ProjectConfigurationPlatforms) = postSolution
		{71A3412B-7020-4200-9E2F-BFB8082B6702}.Debug|Any CPU.ActiveCfg = Debug|Any CPU
		{71A3412B-7020-4200-9E2F-BFB8082B6702}.Debug|Any CPU.Build.0 = Debug|Any CPU
		{71A3412B-7020-4200-9E2F-BFB8082B6702}.Release|Any CPU.ActiveCfg = Release|Any CPU
		{71A3412B-7020-4200-9E2F-BFB8082B6702}.Release|Any CPU.Build.0 = Release|Any CPU
	EndGlobalSection
	GlobalSection(SolutionProperties) = preSolution
		HideSolutionNode = FALSE
	EndGlobalSection
	GlobalSection(ExtensibilityGlobals) = postSolution
		SolutionGuid = {6B5D3A44-8C43-4328-9D46-ADE680464EDD}
	EndGlobalSection
EndGlobal
